github.com/jupp0r/go-priority-queue v0.0.0-20160601094913-ab1073853bde h1:+5PMaaQtDUwOcJIUlmX89P0J3iwTvErTmyn5WghzXAQ=
github.com/jupp0r/go-priority-queue v0.0.0-20160601094913-ab1073853bde/go.mod h1:RDgD/dfPmIwFH0qdUOjw71HjtWg56CtyLIoHL+R1wJw=
github.com/mdwhatcott/advent-of-code-go-lib v1.0.0 h1:XeSXBIYmID1ckWJgb5FDZ78WLXqjR6xCufcWvF//2Ag=
github.com/mdwhatcott/advent-of-code-go-lib v1.0.0/go.mod h1:r4QWCX8033jpqmS1+D30qjYTV2pgasG2wVVAwcbft+8=
github.com/mdwhatcott/advent-of-code-intcode v1.0.0 h1:yFd6PaFxmfSwHthbktOOnQ///5e18qgOQvHnVfR8YSg=
github.com/mdwhatcott/advent-of-code-intcode v1.0.0/go.mod h1:n9iGJ3TZEA3uo0jqlYf049076UmvE0kG+26cSjvLzCs=
github.com/mdwhatcott/astar v1.2.0 h1:RfgcvIqX6TiwNoMramTJITarS5ZYF5jvDjHUaYvbv4Q=
github.com/mdwhatcott/astar v1.2.0/go.mod h1:N49sc1SRCpmvGEygmoOFd6waOhRhOD8Q+VIxa8B4hoA=
github.com/mdwhatcott/go-collections v0.7.0 h1:RrdCFgNYQKKJDDR8VOEsu4COyREyS1yqYXOCNPRXFKY=
github.com/mdwhatcott/go-collections v0.7.0/go.mod h1:loj5w7NeYII+y0o/lgVIZkGxO6S6//XXMxhCqL8q7Kw=
github.com/mdwhatcott/testing v1.2.0 h1:6k+vxQ3YSwLLKgukx9K/9ZeMPbwALuKuCAiajnTIX9k=
github.com/mdwhatcott/testing v1.2.0/go.mod h1:DKbNObO+bditG0r27w3ZZmgcwOZiy6Yh6kFUKwvAGeI=
