github.com/buger/goterm v0.0.0-20180423150900-6d19e6a8df12 h1:aZVdiV35VTHoMJnL2GcJFxuedXBJUJx5YRw1sif1XN4=
github.com/buger/goterm v0.0.0-20180423150900-6d19e6a8df12/go.mod h1:u9UyCz2eTrSGy6fbupqJ54eY5c4IC8gREQ1053dK12U=
github.com/deckarep/golang-set v1.7.1 h1:SCQV0S6gTtp6itiFrTqI+pfmJ4LN85S1YzhDf9rTHJQ=
github.com/deckarep/golang-set v1.7.1/go.mod h1:93vsz/8Wt4joVM7c2AVqh+YRMiUSc14yDtF28KmMOgQ=
github.com/ferhatelmas/levenshtein v0.0.0-20160518143259-a12aecc52d76 h1:R2K7yLHPmwoTdmNuQ5Wfm0/evh/+QFdoI6EbW3OSMKw=
github.com/ferhatelmas/levenshtein v0.0.0-20160518143259-a12aecc52d76/go.mod h1:jr1MMO0KsDD+PQ57K7oJGk97TLYtbhLUOjCS577Ddm4=
github.com/jupp0r/go-priority-queue v0.0.0-20160601094913-ab1073853bde h1:+5PMaaQtDUwOcJIUlmX89P0J3iwTvErTmyn5WghzXAQ=
github.com/jupp0r/go-priority-queue v0.0.0-20160601094913-ab1073853bde/go.mod h1:RDgD/dfPmIwFH0qdUOjw71HjtWg56CtyLIoHL+R1wJw=
github.com/mdwhatcott/advent-of-code-2016 v0.0.0-20180102153049-49de4f546016 h1:Jo85t4FuEc1pvlT4DW06Qy/Wsxa6wAdLyiVcNJaPBxQ=
github.com/mdwhatcott/advent-of-code-2016 v0.0.0-20180102153049-49de4f546016/go.mod h1:3DDvR2Jhov8aMLEY/RI6VVvv2GYW9l3Cdblu2CmZi/A=
github.com/mdwhatcott/advent-of-code-2017 v0.0.0-20180927141652-354f568d6f44 h1:qwSV5L5N4TfUNRI0t1bqXEP3MplCJEOStEniRaDWhh0=
github.com/mdwhatcott/advent-of-code-2017 v0.0.0-20180927141652-354f568d6f44/go.mod h1:UeD5JIVnSMhCnp1pyAlAVsxyGuq41yGGNBAkHBDaG78=
github.com/mdwhatcott/golife v0.0.0-20171119060843-702093344106 h1:2AS3FYpl5ylidctJ8K4r2rF4KEpfkteRoh4OmCo4kbY=
github.com/mdwhatcott/golife v0.0.0-20171119060843-702093344106/go.mod h1:rFvNxr7MwvOVoAfhvjpmbbVuam1q74X04vNdMxirOnQ=
github.com/smartystreets/assertions v0.0.0-20180927180507-b2de0cb4f26d h1:zE9ykElWQ6/NYmHa3jpm/yHnI4xSofP+UP6SpjHcSeM=
github.com/smartystreets/assertions v0.0.0-20180927180507-b2de0cb4f26d/go.mod h1:OnSkiWE9lh6wB0YB77sQom3nweQdgAjqCqsofrRNTgc=
github.com/smartystreets/gunit v0.0.0-20180314194857-6f0d6275bdcd h1:p5kvxG4NHogJX1brTLtvUSGdW0/aBvIyqDSW7tmnsmQ=
github.com/smartystreets/gunit v0.0.0-20180314194857-6f0d6275bdcd/go.mod h1:XUKj4gbqj2QvJk/OdLWzyZ3FYli0f+MdpngyryX0gcw=
golang.org/x/sys v0.0.0-20180928133829-e4b3c5e90611 h1:O33LKL7WyJgjN9CvxfTIomjIClbd/Kq86/iipowHQU0=
golang.org/x/sys v0.0.0-20180928133829-e4b3c5e90611/go.mod h1:STP8DvDyc/dI5b8T5hshtkjS+E42TnysNCUPdjciGhY=
