github.com/mdwhatcott/advent-of-code-go-lib v1.0.1 h1:w5Q28iBTq9Sax9kT/nqArt0OZg+nSk5DmCmvLobn2BY=
github.com/mdwhatcott/advent-of-code-go-lib v1.0.1/go.mod h1:gnMZoePAcXJaEx+EtwRr5nQwCjBrSnch1XBhIFX11Mc=
github.com/mdwhatcott/advent-of-code-inputs v1.1.0 h1:0KqNzRXNBxx2JBBliINXWTuCouPMKNuGEOfFHKLOCAA=
github.com/mdwhatcott/advent-of-code-inputs v1.1.0/go.mod h1:wDw9qUJ6Kqv/2uPzkZPSTfee4RRhmo656DR37Xt1DXA=
github.com/mdwhatcott/testing v1.2.0 h1:6k+vxQ3YSwLLKgukx9K/9ZeMPbwALuKuCAiajnTIX9k=
github.com/mdwhatcott/testing v1.2.0/go.mod h1:DKbNObO+bditG0r27w3ZZmgcwOZiy6Yh6kFUKwvAGeI=
