github.com/mdwhatcott/funcy v1.8.0 h1:w+p8wWHBWTlC74oBcMfE5DZ0I9hycMvhDrtiv6L4y8g=
github.com/mdwhatcott/funcy v1.8.0/go.mod h1:hry3gV/UZ7hDs9QaoV4k27e6w/uHWMiALhxvHQyqphg=
github.com/mdwhatcott/testing v1.2.1 h1:qCj+apUK6Qscy4M0iIpu0cCLrLB/4I+yGx7JQ7t6XTY=
github.com/mdwhatcott/testing v1.2.1/go.mod h1:qw9pmVND0BqPmN/DE1BtaVzIvmQcffQAY+DOpnZ3qMo=
