github.com/mdwhatcott/must v1.1.0 h1:ZN/cTpnkRuz9amHEp/7mm7ICXQfMtYQ/HzcBiwXltP4=
github.com/mdwhatcott/must v1.1.0/go.mod h1:3rldN1MW4me3st97YNJxDm3L+zo5R5kKoh7Km75kWnY=
github.com/mdwhatcott/testing v1.2.0 h1:6k+vxQ3YSwLLKgukx9K/9ZeMPbwALuKuCAiajnTIX9k=
github.com/mdwhatcott/testing v1.2.0/go.mod h1:DKbNObO+bditG0r27w3ZZmgcwOZiy6Yh6kFUKwvAGeI=
