github.com/mdwhatcott/advent-of-code-go-lib v1.0.1 h1:w5Q28iBTq9Sax9kT/nqArt0OZg+nSk5DmCmvLobn2BY=
github.com/mdwhatcott/advent-of-code-go-lib v1.0.1/go.mod h1:gnMZoePAcXJaEx+EtwRr5nQwCjBrSnch1XBhIFX11Mc=
github.com/mdwhatcott/funcy v1.11.1 h1:57Ty42ODlf3ce4IfccrqISRy0XRQxAd7/ylrHz7qxZ0=
github.com/mdwhatcott/funcy v1.11.1/go.mod h1:0yqOWG8qLPejYMWG4zSLoAmQ12Mqv6QKnOvylgH9tj0=
github.com/mdwhatcott/go-set/v2 v2.1.0 h1:p8fFaAWFADfJbpj06KKlf94yAt8UwHNxbkvDw2IiNLU=
github.com/mdwhatcott/go-set/v2 v2.1.0/go.mod h1:nf94vLWYcQbejwv91KNr4UyD4zA9xf7Om/vmTZ/BQl4=
github.com/mdwhatcott/go-set/v2 v2.2.0 h1:pfzClffeizuOR9O8+lcbJdKkuSNoEHJIoTULpjA/HeY=
github.com/mdwhatcott/go-set/v2 v2.2.0/go.mod h1:nf94vLWYcQbejwv91KNr4UyD4zA9xf7Om/vmTZ/BQl4=
github.com/mdwhatcott/must v1.2.0 h1:X+Ay0ZIp2pMFT0HpFwxg8sCvZOAeyRPb+yQ477DWhbs=
github.com/mdwhatcott/must v1.2.0/go.mod h1:3rldN1MW4me3st97YNJxDm3L+zo5R5kKoh7Km75kWnY=
github.com/mdwhatcott/testing v1.4.2 h1:xE9uI+0TiQTYKY45+W0t2XO89wgj4YANjd3YBKL/yVU=
github.com/mdwhatcott/testing v1.4.2/go.mod h1:qw9pmVND0BqPmN/DE1BtaVzIvmQcffQAY+DOpnZ3qMo=
