github.com/mdwhatcott/advent-of-code-inputs v1.2.0 h1:HlRZOUQyVomUQzGSQo6nYmu2ZQeCLxoAGwae6W3p5r4=
github.com/mdwhatcott/advent-of-code-inputs v1.2.0/go.mod h1:wDw9qUJ6Kqv/2uPzkZPSTfee4RRhmo656DR37Xt1DXA=
github.com/mdwhatcott/testing v1.2.0 h1:6k+vxQ3YSwLLKgukx9K/9ZeMPbwALuKuCAiajnTIX9k=
github.com/mdwhatcott/testing v1.2.0/go.mod h1:DKbNObO+bditG0r27w3ZZmgcwOZiy6Yh6kFUKwvAGeI=
